{
  "name": "ERC20FixedSupply",
  "lockfileVersion": 2,
  "requires": true,
  "packages": {
    "": {
      "dependencies": {
        "artifacts": "^0.0.1"
      }
    },
    "node_modules/artifacts": {
      "version": "0.0.1",
      "resolved": "https://registry.npmjs.org/artifacts/-/artifacts-0.0.1.tgz",
      "integrity": "sha512-PJCzyPjYgUemtqc0BETquCbrz+GkgxPh06pkYetF8z0HE/jSy0NzS/bwnegrStSNczN+r6w0lgWD/ET7Dr72IA=="
    }
  },
  "dependencies": {
    "artifacts": {
      "version": "0.0.1",
      "resolved": "https://registry.npmjs.org/artifacts/-/artifacts-0.0.1.tgz",
      "integrity": "sha512-PJCzyPjYgUemtqc0BETquCbrz+GkgxPh06pkYetF8z0HE/jSy0NzS/bwnegrStSNczN+r6w0lgWD/ET7Dr72IA=="
    }
  }
}
